// !$*UTF8*$!
{
	archiveVersion = 1;
	classes = {
	};
	objectVersion = 46;
	objects = {

/* Begin PBXBuildFile section */
		95AC550E1ED4028600ADA67E /* main.m in Sources */ = {isa = PBXBuildFile; fileRef = 95AC550D1ED4028600ADA67E /* main.m */; };
		95AC55111ED4028600ADA67E /* AppDelegate.m in Sources */ = {isa = PBXBuildFile; fileRef = 95AC55101ED4028600ADA67E /* AppDelegate.m */; };
		95AC55141ED4028600ADA67E /* ViewController.m in Sources */ = {isa = PBXBuildFile; fileRef = 95AC55131ED4028600ADA67E /* ViewController.m */; };
		95AC55171ED4028600ADA67E /* Main.storyboard in Resources */ = {isa = PBXBuildFile; fileRef = 95AC55151ED4028600ADA67E /* Main.storyboard */; };
		95AC55191ED4028600ADA67E /* Assets.xcassets in Resources */ = {isa = PBXBuildFile; fileRef = 95AC55181ED4028600ADA67E /* Assets.xcassets */; };
		95AC551C1ED4028600ADA67E /* LaunchScreen.storyboard in Resources */ = {isa = PBXBuildFile; fileRef = 95AC551A1ED4028600ADA67E /* LaunchScreen.storyboard */; };
		95AC55271ED4028600ADA67E /* CollectionViewTextTests.m in Sources */ = {isa = PBXBuildFile; fileRef = 95AC55261ED4028600ADA67E /* CollectionViewTextTests.m */; };
		95AC55321ED4028600ADA67E /* CollectionViewTextUITests.m in Sources */ = {isa = PBXBuildFile; fileRef = 95AC55311ED4028600ADA67E /* CollectionViewTextUITests.m */; };
		95AC55411ED403E900ADA67E /* BoxLayout.m in Sources */ = {isa = PBXBuildFile; fileRef = 95AC55401ED403E900ADA67E /* BoxLayout.m */; };
		95AC55441ED4069600ADA67E /* MyCollectionViewCell.m in Sources */ = {isa = PBXBuildFile; fileRef = 95AC55431ED4069600ADA67E /* MyCollectionViewCell.m */; };
		95AC55471ED40B6A00ADA67E /* HeaderReusableView.m in Sources */ = {isa = PBXBuildFile; fileRef = 95AC55461ED40B6A00ADA67E /* HeaderReusableView.m */; };
		95AC55491ED40B8600ADA67E /* MyCollectionViewCell.xib in Resources */ = {isa = PBXBuildFile; fileRef = 95AC55481ED40B8600ADA67E /* MyCollectionViewCell.xib */; };
/* End PBXBuildFile section */

/* Begin PBXContainerItemProxy section */
		95AC55231ED4028600ADA67E /* PBXContainerItemProxy */ = {
			isa = PBXContainerItemProxy;
			containerPortal = 95AC55011ED4028600ADA67E /* Project object */;
			proxyType = 1;
			remoteGlobalIDString = 95AC55081ED4028600ADA67E;
			remoteInfo = CollectionViewText;
		};
		95AC552E1ED4028600ADA67E /* PBXContainerItemProxy */ = {
			isa = PBXContainerItemProxy;
			containerPortal = 95AC55011ED4028600ADA67E /* Project object */;
			proxyType = 1;
			remoteGlobalIDString = 95AC55081ED4028600ADA67E;
			remoteInfo = CollectionViewText;
		};
/* End PBXContainerItemProxy section */

/* Begin PBXFileReference section */
		95AC55091ED4028600ADA67E /* CollectionViewText.app */ = {isa = PBXFileReference; explicitFileType = wrapper.application; includeInIndex = 0; path = CollectionViewText.app; sourceTree = BUILT_PRODUCTS_DIR; };
		95AC550D1ED4028600ADA67E /* main.m */ = {isa = PBXFileReference; lastKnownFileType = sourcecode.c.objc; path = main.m; sourceTree = "<group>"; };
		95AC550F1ED4028600ADA67E /* AppDelegate.h */ = {isa = PBXFileReference; lastKnownFileType = sourcecode.c.h; path = AppDelegate.h; sourceTree = "<group>"; };
		95AC55101ED4028600ADA67E /* AppDelegate.m */ = {isa = PBXFileReference; lastKnownFileType = sourcecode.c.objc; path = AppDelegate.m; sourceTree = "<group>"; };
		95AC55121ED4028600ADA67E /* ViewController.h */ = {isa = PBXFileReference; lastKnownFileType = sourcecode.c.h; path = ViewController.h; sourceTree = "<group>"; };
		95AC55131ED4028600ADA67E /* ViewController.m */ = {isa = PBXFileReference; lastKnownFileType = sourcecode.c.objc; path = ViewController.m; sourceTree = "<group>"; };
		95AC55161ED4028600ADA67E /* Base */ = {isa = PBXFileReference; lastKnownFileType = file.storyboard; name = Base; path = Base.lproj/Main.storyboard; sourceTree = "<group>"; };
		95AC55181ED4028600ADA67E /* Assets.xcassets */ = {isa = PBXFileReference; lastKnownFileType = folder.assetcatalog; path = Assets.xcassets; sourceTree = "<group>"; };
		95AC551B1ED4028600ADA67E /* Base */ = {isa = PBXFileReference; lastKnownFileType = file.storyboard; name = Base; path = Base.lproj/LaunchScreen.storyboard; sourceTree = "<group>"; };
		95AC551D1ED4028600ADA67E /* Info.plist */ = {isa = PBXFileReference; lastKnownFileType = text.plist.xml; path = Info.plist; sourceTree = "<group>"; };
		95AC55221ED4028600ADA67E /* CollectionViewTextTests.xctest */ = {isa = PBXFileReference; explicitFileType = wrapper.cfbundle; includeInIndex = 0; path = CollectionViewTextTests.xctest; sourceTree = BUILT_PRODUCTS_DIR; };
		95AC55261ED4028600ADA67E /* CollectionViewTextTests.m */ = {isa = PBXFileReference; lastKnownFileType = sourcecode.c.objc; path = CollectionViewTextTests.m; sourceTree = "<group>"; };
		95AC55281ED4028600ADA67E /* Info.plist */ = {isa = PBXFileReference; lastKnownFileType = text.plist.xml; path = Info.plist; sourceTree = "<group>"; };
		95AC552D1ED4028600ADA67E /* CollectionViewTextUITests.xctest */ = {isa = PBXFileReference; explicitFileType = wrapper.cfbundle; includeInIndex = 0; path = CollectionViewTextUITests.xctest; sourceTree = BUILT_PRODUCTS_DIR; };
		95AC55311ED4028600ADA67E /* CollectionViewTextUITests.m */ = {isa = PBXFileReference; lastKnownFileType = sourcecode.c.objc; path = CollectionViewTextUITests.m; sourceTree = "<group>"; };
		95AC55331ED4028600ADA67E /* Info.plist */ = {isa = PBXFileReference; lastKnownFileType = text.plist.xml; path = Info.plist; sourceTree = "<group>"; };
		95AC553F1ED403E900ADA67E /* BoxLayout.h */ = {isa = PBXFileReference; fileEncoding = 4; lastKnownFileType = sourcecode.c.h; path = BoxLayout.h; sourceTree = "<group>"; };
		95AC55401ED403E900ADA67E /* BoxLayout.m */ = {isa = PBXFileReference; fileEncoding = 4; lastKnownFileType = sourcecode.c.objc; path = BoxLayout.m; sourceTree = "<group>"; };
		95AC55421ED4069600ADA67E /* MyCollectionViewCell.h */ = {isa = PBXFileReference; fileEncoding = 4; lastKnownFileType = sourcecode.c.h; path = MyCollectionViewCell.h; sourceTree = "<group>"; };
		95AC55431ED4069600ADA67E /* MyCollectionViewCell.m */ = {isa = PBXFileReference; fileEncoding = 4; lastKnownFileType = sourcecode.c.objc; path = MyCollectionViewCell.m; sourceTree = "<group>"; };
		95AC55451ED40B6A00ADA67E /* HeaderReusableView.h */ = {isa = PBXFileReference; fileEncoding = 4; lastKnownFileType = sourcecode.c.h; path = HeaderReusableView.h; sourceTree = "<group>"; };
		95AC55461ED40B6A00ADA67E /* HeaderReusableView.m */ = {isa = PBXFileReference; fileEncoding = 4; lastKnownFileType = sourcecode.c.objc; path = HeaderReusableView.m; sourceTree = "<group>"; };
		95AC55481ED40B8600ADA67E /* MyCollectionViewCell.xib */ = {isa = PBXFileReference; fileEncoding = 4; lastKnownFileType = file.xib; path = MyCollectionViewCell.xib; sourceTree = "<group>"; };
/* End PBXFileReference section */

/* Begin PBXFrameworksBuildPhase section */
		95AC55061ED4028600ADA67E /* Frameworks */ = {
			isa = PBXFrameworksBuildPhase;
			buildActionMask = 2147483647;
			files = (
			);
			runOnlyForDeploymentPostprocessing = 0;
		};
		95AC551F1ED4028600ADA67E /* Frameworks */ = {
			isa = PBXFrameworksBuildPhase;
			buildActionMask = 2147483647;
			files = (
			);
			runOnlyForDeploymentPostprocessing = 0;
		};
		95AC552A1ED4028600ADA67E /* Frameworks */ = {
			isa = PBXFrameworksBuildPhase;
			buildActionMask = 2147483647;
			files = (
			);
			runOnlyForDeploymentPostprocessing = 0;
		};
/* End PBXFrameworksBuildPhase section */

/* Begin PBXGroup section */
		95AC55001ED4028600ADA67E = {
			isa = PBXGroup;
			children = (
				95AC550B1ED4028600ADA67E /* CollectionViewText */,
				95AC55251ED4028600ADA67E /* CollectionViewTextTests */,
				95AC55301ED4028600ADA67E /* CollectionViewTextUITests */,
				95AC550A1ED4028600ADA67E /* Products */,
			);
			sourceTree = "<group>";
		};
		95AC550A1ED4028600ADA67E /* Products */ = {
			isa = PBXGroup;
			children = (
				95AC55091ED4028600ADA67E /* CollectionViewText.app */,
				95AC55221ED4028600ADA67E /* CollectionViewTextTests.xctest */,
				95AC552D1ED4028600ADA67E /* CollectionViewTextUITests.xctest */,
			);
			name = Products;
			sourceTree = "<group>";
		};
		95AC550B1ED4028600ADA67E /* CollectionViewText */ = {
			isa = PBXGroup;
			children = (
				95AC550F1ED4028600ADA67E /* AppDelegate.h */,
				95AC55101ED4028600ADA67E /* AppDelegate.m */,
				95AC55121ED4028600ADA67E /* ViewController.h */,
				95AC55131ED4028600ADA67E /* ViewController.m */,
				95AC55151ED4028600ADA67E /* Main.storyboard */,
				95AC55181ED4028600ADA67E /* Assets.xcassets */,
				95AC551A1ED4028600ADA67E /* LaunchScreen.storyboard */,
				95AC551D1ED4028600ADA67E /* Info.plist */,
				95AC550C1ED4028600ADA67E /* Supporting Files */,
				95AC553F1ED403E900ADA67E /* BoxLayout.h */,
				95AC55401ED403E900ADA67E /* BoxLayout.m */,
				95AC55481ED40B8600ADA67E /* MyCollectionViewCell.xib */,
				95AC55421ED4069600ADA67E /* MyCollectionViewCell.h */,
				95AC55431ED4069600ADA67E /* MyCollectionViewCell.m */,
				95AC55451ED40B6A00ADA67E /* HeaderReusableView.h */,
				95AC55461ED40B6A00ADA67E /* HeaderReusableView.m */,
			);
			path = CollectionViewText;
			sourceTree = "<group>";
		};
		95AC550C1ED4028600ADA67E /* Supporting Files */ = {
			isa = PBXGroup;
			children = (
				95AC550D1ED4028600ADA67E /* main.m */,
			);
			name = "Supporting Files";
			sourceTree = "<group>";
		};
		95AC55251ED4028600ADA67E /* CollectionViewTextTests */ = {
			isa = PBXGroup;
			children = (
				95AC55261ED4028600ADA67E /* CollectionViewTextTests.m */,
				95AC55281ED4028600ADA67E /* Info.plist */,
			);
			path = CollectionViewTextTests;
			sourceTree = "<group>";
		};
		95AC55301ED4028600ADA67E /* CollectionViewTextUITests */ = {
			isa = PBXGroup;
			children = (
				95AC55311ED4028600ADA67E /* CollectionViewTextUITests.m */,
				95AC55331ED4028600ADA67E /* Info.plist */,
			);
			path = CollectionViewTextUITests;
			sourceTree = "<group>";
		};
/* End PBXGroup section */

/* Begin PBXNativeTarget section */
		95AC55081ED4028600ADA67E /* CollectionViewText */ = {
			isa = PBXNativeTarget;
			buildConfigurationList = 95AC55361ED4028600ADA67E /* Build configuration list for PBXNativeTarget "CollectionViewText" */;
			buildPhases = (
				95AC55051ED4028600ADA67E /* Sources */,
				95AC55061ED4028600ADA67E /* Frameworks */,
				95AC55071ED4028600ADA67E /* Resources */,
			);
			buildRules = (
			);
			dependencies = (
			);
			name = CollectionViewText;
			productName = CollectionViewText;
			productReference = 95AC55091ED4028600ADA67E /* CollectionViewText.app */;
			productType = "com.apple.product-type.application";
		};
		95AC55211ED4028600ADA67E /* CollectionViewTextTests */ = {
			isa = PBXNativeTarget;
			buildConfigurationList = 95AC55391ED4028600ADA67E /* Build configuration list for PBXNativeTarget "CollectionViewTextTests" */;
			buildPhases = (
				95AC551E1ED4028600ADA67E /* Sources */,
				95AC551F1ED4028600ADA67E /* Frameworks */,
				95AC55201ED4028600ADA67E /* Resources */,
			);
			buildRules = (
			);
			dependencies = (
				95AC55241ED4028600ADA67E /* PBXTargetDependency */,
			);
			name = CollectionViewTextTests;
			productName = CollectionViewTextTests;
			productReference = 95AC55221ED4028600ADA67E /* CollectionViewTextTests.xctest */;
			productType = "com.apple.product-type.bundle.unit-test";
		};
		95AC552C1ED4028600ADA67E /* CollectionViewTextUITests */ = {
			isa = PBXNativeTarget;
			buildConfigurationList = 95AC553C1ED4028600ADA67E /* Build configuration list for PBXNativeTarget "CollectionViewTextUITests" */;
			buildPhases = (
				95AC55291ED4028600ADA67E /* Sources */,
				95AC552A1ED4028600ADA67E /* Frameworks */,
				95AC552B1ED4028600ADA67E /* Resources */,
			);
			buildRules = (
			);
			dependencies = (
				95AC552F1ED4028600ADA67E /* PBXTargetDependency */,
			);
			name = CollectionViewTextUITests;
			productName = CollectionViewTextUITests;
			productReference = 95AC552D1ED4028600ADA67E /* CollectionViewTextUITests.xctest */;
			productType = "com.apple.product-type.bundle.ui-testing";
		};
/* End PBXNativeTarget section */

/* Begin PBXProject section */
		95AC55011ED4028600ADA67E /* Project object */ = {
			isa = PBXProject;
			attributes = {
				LastUpgradeCheck = 0810;
				ORGANIZATIONNAME = zjq;
				TargetAttributes = {
					95AC55081ED4028600ADA67E = {
						CreatedOnToolsVersion = 8.1;
						ProvisioningStyle = Automatic;
					};
					95AC55211ED4028600ADA67E = {
						CreatedOnToolsVersion = 8.1;
						ProvisioningStyle = Automatic;
						TestTargetID = 95AC55081ED4028600ADA67E;
					};
					95AC552C1ED4028600ADA67E = {
						CreatedOnToolsVersion = 8.1;
						ProvisioningStyle = Automatic;
						TestTargetID = 95AC55081ED4028600ADA67E;
					};
				};
			};
			buildConfigurationList = 95AC55041ED4028600ADA67E /* Build configuration list for PBXProject "CollectionViewText" */;
			compatibilityVersion = "Xcode 3.2";
			developmentRegion = English;
			hasScannedForEncodings = 0;
			knownRegions = (
				en,
				Base,
			);
			mainGroup = 95AC55001ED4028600ADA67E;
			productRefGroup = 95AC550A1ED4028600ADA67E /* Products */;
			projectDirPath = "";
			projectRoot = "";
			targets = (
				95AC55081ED4028600ADA67E /* CollectionViewText */,
				95AC55211ED4028600ADA67E /* CollectionViewTextTests */,
				95AC552C1ED4028600ADA67E /* CollectionViewTextUITests */,
			);
		};
/* End PBXProject section */

/* Begin PBXResourcesBuildPhase section */
		95AC55071ED4028600ADA67E /* Resources */ = {
			isa = PBXResourcesBuildPhase;
			buildActionMask = 2147483647;
			files = (
				95AC551C1ED4028600ADA67E /* LaunchScreen.storyboard in Resources */,
				95AC55191ED4028600ADA67E /* Assets.xcassets in Resources */,
				95AC55491ED40B8600ADA67E /* MyCollectionViewCell.xib in Resources */,
				95AC55171ED4028600ADA67E /* Main.storyboard in Resources */,
			);
			runOnlyForDeploymentPostprocessing = 0;
		};
		95AC55201ED4028600ADA67E /* Resources */ = {
			isa = PBXResourcesBuildPhase;
			buildActionMask = 2147483647;
			files = (
			);
			runOnlyForDeploymentPostprocessing = 0;
		};
		95AC552B1ED4028600ADA67E /* Resources */ = {
			isa = PBXResourcesBuildPhase;
			buildActionMask = 2147483647;
			files = (
			);
			runOnlyForDeploymentPostprocessing = 0;
		};
/* End PBXResourcesBuildPhase section */

/* Begin PBXSourcesBuildPhase section */
		95AC55051ED4028600ADA67E /* Sources */ = {
			isa = PBXSourcesBuildPhase;
			buildActionMask = 2147483647;
			files = (
				95AC55471ED40B6A00ADA67E /* HeaderReusableView.m in Sources */,
				95AC55141ED4028600ADA67E /* ViewController.m in Sources */,
				95AC55411ED403E900ADA67E /* BoxLayout.m in Sources */,
				95AC55111ED4028600ADA67E /* AppDelegate.m in Sources */,
				95AC550E1ED4028600ADA67E /* main.m in Sources */,
				95AC55441ED4069600ADA67E /* MyCollectionViewCell.m in Sources */,
			);
			runOnlyForDeploymentPostprocessing = 0;
		};
		95AC551E1ED4028600ADA67E /* Sources */ = {
			isa = PBXSourcesBuildPhase;
			buildActionMask = 2147483647;
			files = (
				95AC55271ED4028600ADA67E /* CollectionViewTextTests.m in Sources */,
			);
			runOnlyForDeploymentPostprocessing = 0;
		};
		95AC55291ED4028600ADA67E /* Sources */ = {
			isa = PBXSourcesBuildPhase;
			buildActionMask = 2147483647;
			files = (
				95AC55321ED4028600ADA67E /* CollectionViewTextUITests.m in Sources */,
			);
			runOnlyForDeploymentPostprocessing = 0;
		};
/* End PBXSourcesBuildPhase section */

/* Begin PBXTargetDependency section */
		95AC55241ED4028600ADA67E /* PBXTargetDependency */ = {
			isa = PBXTargetDependency;
			target = 95AC55081ED4028600ADA67E /* CollectionViewText */;
			targetProxy = 95AC55231ED4028600ADA67E /* PBXContainerItemProxy */;
		};
		95AC552F1ED4028600ADA67E /* PBXTargetDependency */ = {
			isa = PBXTargetDependency;
			target = 95AC55081ED4028600ADA67E /* CollectionViewText */;
			targetProxy = 95AC552E1ED4028600ADA67E /* PBXContainerItemProxy */;
		};
/* End PBXTargetDependency section */

/* Begin PBXVariantGroup section */
		95AC55151ED4028600ADA67E /* Main.storyboard */ = {
			isa = PBXVariantGroup;
			children = (
				95AC55161ED4028600ADA67E /* Base */,
			);
			name = Main.storyboard;
			sourceTree = "<group>";
		};
		95AC551A1ED4028600ADA67E /* LaunchScreen.storyboard */ = {
			isa = PBXVariantGroup;
			children = (
				95AC551B1ED4028600ADA67E /* Base */,
			);
			name = LaunchScreen.storyboard;
			sourceTree = "<group>";
		};
/* End PBXVariantGroup section */

/* Begin XCBuildConfiguration section */
		95AC55341ED4028600ADA67E /* Debug */ = {
			isa = XCBuildConfiguration;
			buildSettings = {
				ALWAYS_SEARCH_USER_PATHS = NO;
				CLANG_ANALYZER_NONNULL = YES;
				CLANG_CXX_LANGUAGE_STANDARD = "gnu++0x";
				CLANG_CXX_LIBRARY = "libc++";
				CLANG_ENABLE_MODULES = YES;
				CLANG_ENABLE_OBJC_ARC = YES;
				CLANG_WARN_BOOL_CONVERSION = YES;
				CLANG_WARN_CONSTANT_CONVERSION = YES;
				CLANG_WARN_DIRECT_OBJC_ISA_USAGE = YES_ERROR;
				CLANG_WARN_DOCUMENTATION_COMMENTS = YES;
				CLANG_WARN_EMPTY_BODY = YES;
				CLANG_WARN_ENUM_CONVERSION = YES;
				CLANG_WARN_INFINITE_RECURSION = YES;
				CLANG_WARN_INT_CONVERSION = YES;
				CLANG_WARN_OBJC_ROOT_CLASS = YES_ERROR;
				CLANG_WARN_SUSPICIOUS_MOVES = YES;
				CLANG_WARN_UNREACHABLE_CODE = YES;
				CLANG_WARN__DUPLICATE_METHOD_MATCH = YES;
				"CODE_SIGN_IDENTITY[sdk=iphoneos*]" = "iPhone Developer";
				COPY_PHASE_STRIP = NO;
				DEBUG_INFORMATION_FORMAT = dwarf;
				ENABLE_STRICT_OBJC_MSGSEND = YES;
				ENABLE_TESTABILITY = YES;
				GCC_C_LANGUAGE_STANDARD = gnu99;
				GCC_DYNAMIC_NO_PIC = NO;
				GCC_NO_COMMON_BLOCKS = YES;
				GCC_OPTIMIZATION_LEVEL = 0;
				GCC_PREPROCESSOR_DEFINITIONS = (
					"DEBUG=1",
					"$(inherited)",
				);
				GCC_WARN_64_TO_32_BIT_CONVERSION = YES;
				GCC_WARN_ABOUT_RETURN_TYPE = YES_ERROR;
				GCC_WARN_UNDECLARED_SELECTOR = YES;
				GCC_WARN_UNINITIALIZED_AUTOS = YES_AGGRESSIVE;
				GCC_WARN_UNUSED_FUNCTION = YES;
				GCC_WARN_UNUSED_VARIABLE = YES;
				IPHONEOS_DEPLOYMENT_TARGET = 10.1;
				MTL_ENABLE_DEBUG_INFO = YES;
				ONLY_ACTIVE_ARCH = YES;
				SDKROOT = iphoneos;
			};
			name = Debug;
		};
		95AC55351ED4028600ADA67E /* Release */ = {
			isa = XCBuildConfiguration;
			buildSettings = {
				ALWAYS_SEARCH_USER_PATHS = NO;
				CLANG_ANALYZER_NONNULL = YES;
				CLANG_CXX_LANGUAGE_STANDARD = "gnu++0x";
				CLANG_CXX_LIBRARY = "libc++";
				CLANG_ENABLE_MODULES = YES;
				CLANG_ENABLE_OBJC_ARC = YES;
				CLANG_WARN_BOOL_CONVERSION = YES;
				CLANG_WARN_CONSTANT_CONVERSION = YES;
				CLANG_WARN_DIRECT_OBJC_ISA_USAGE = YES_ERROR;
				CLANG_WARN_DOCUMENTATION_COMMENTS = YES;
				CLANG_WARN_EMPTY_BODY = YES;
				CLANG_WARN_ENUM_CONVERSION = YES;
				CLANG_WARN_INFINITE_RECURSION = YES;
				CLANG_WARN_INT_CONVERSION = YES;
				CLANG_WARN_OBJC_ROOT_CLASS = YES_ERROR;
				CLANG_WARN_SUSPICIOUS_MOVES = YES;
				CLANG_WARN_UNREACHABLE_CODE = YES;
				CLANG_WARN__DUPLICATE_METHOD_MATCH = YES;
				"CODE_SIGN_IDENTITY[sdk=iphoneos*]" = "iPhone Developer";
				COPY_PHASE_STRIP = NO;
				DEBUG_INFORMATION_FORMAT = "dwarf-with-dsym";
				ENABLE_NS_ASSERTIONS = NO;
				ENABLE_STRICT_OBJC_MSGSEND = YES;
				GCC_C_LANGUAGE_STANDARD = gnu99;
				GCC_NO_COMMON_BLOCKS = YES;
				GCC_WARN_64_TO_32_BIT_CONVERSION = YES;
				GCC_WARN_ABOUT_RETURN_TYPE = YES_ERROR;
				GCC_WARN_UNDECLARED_SELECTOR = YES;
				GCC_WARN_UNINITIALIZED_AUTOS = YES_AGGRESSIVE;
				GCC_WARN_UNUSED_FUNCTION = YES;
				GCC_WARN_UNUSED_VARIABLE = YES;
				IPHONEOS_DEPLOYMENT_TARGET = 10.1;
				MTL_ENABLE_DEBUG_INFO = NO;
				SDKROOT = iphoneos;
				VALIDATE_PRODUCT = YES;
			};
			name = Release;
		};
		95AC55371ED4028600ADA67E /* Debug */ = {
			isa = XCBuildConfiguration;
			buildSettings = {
				ASSETCATALOG_COMPILER_APPICON_NAME = AppIcon;
				INFOPLIST_FILE = CollectionViewText/Info.plist;
				IPHONEOS_DEPLOYMENT_TARGET = 9.0;
				LD_RUNPATH_SEARCH_PATHS = "$(inherited) @executable_path/Frameworks";
				PRODUCT_BUNDLE_IDENTIFIER = com.hong1943.CollectionViewText;
				PRODUCT_NAME = "$(TARGET_NAME)";
			};
			name = Debug;
		};
		95AC55381ED4028600ADA67E /* Release */ = {
			isa = XCBuildConfiguration;
			buildSettings = {
				ASSETCATALOG_COMPILER_APPICON_NAME = AppIcon;
				INFOPLIST_FILE = CollectionViewText/Info.plist;
				IPHONEOS_DEPLOYMENT_TARGET = 9.0;
				LD_RUNPATH_SEARCH_PATHS = "$(inherited) @executable_path/Frameworks";
				PRODUCT_BUNDLE_IDENTIFIER = com.hong1943.CollectionViewText;
				PRODUCT_NAME = "$(TARGET_NAME)";
			};
			name = Release;
		};
		95AC553A1ED4028600ADA67E /* Debug */ = {
			isa = XCBuildConfiguration;
			buildSettings = {
				BUNDLE_LOADER = "$(TEST_HOST)";
				INFOPLIST_FILE = CollectionViewTextTests/Info.plist;
				LD_RUNPATH_SEARCH_PATHS = "$(inherited) @executable_path/Frameworks @loader_path/Frameworks";
				PRODUCT_BUNDLE_IDENTIFIER = com.hong1943.CollectionViewTextTests;
				PRODUCT_NAME = "$(TARGET_NAME)";
				TEST_HOST = "$(BUILT_PRODUCTS_DIR)/CollectionViewText.app/CollectionViewText";
			};
			name = Debug;
		};
		95AC553B1ED4028600ADA67E /* Release */ = {
			isa = XCBuildConfiguration;
			buildSettings = {
				BUNDLE_LOADER = "$(TEST_HOST)";
				INFOPLIST_FILE = CollectionViewTextTests/Info.plist;
				LD_RUNPATH_SEARCH_PATHS = "$(inherited) @executable_path/Frameworks @loader_path/Frameworks";
				PRODUCT_BUNDLE_IDENTIFIER = com.hong1943.CollectionViewTextTests;
				PRODUCT_NAME = "$(TARGET_NAME)";
				TEST_HOST = "$(BUILT_PRODUCTS_DIR)/CollectionViewText.app/CollectionViewText";
			};
			name = Release;
		};
		95AC553D1ED4028600ADA67E /* Debug */ = {
			isa = XCBuildConfiguration;
			buildSettings = {
				INFOPLIST_FILE = CollectionViewTextUITests/Info.plist;
				LD_RUNPATH_SEARCH_PATHS = "$(inherited) @executable_path/Frameworks @loader_path/Frameworks";
				PRODUCT_BUNDLE_IDENTIFIER = com.hong1943.CollectionViewTextUITests;
				PRODUCT_NAME = "$(TARGET_NAME)";
				TEST_TARGET_NAME = CollectionViewText;
			};
			name = Debug;
		};
		95AC553E1ED4028600ADA67E /* Release */ = {
			isa = XCBuildConfiguration;
			buildSettings = {
				INFOPLIST_FILE = CollectionViewTextUITests/Info.plist;
				LD_RUNPATH_SEARCH_PATHS = "$(inherited) @executable_path/Frameworks @loader_path/Frameworks";
				PRODUCT_BUNDLE_IDENTIFIER = com.hong1943.CollectionViewTextUITests;
				PRODUCT_NAME = "$(TARGET_NAME)";
				TEST_TARGET_NAME = CollectionViewText;
			};
			name = Release;
		};
/* End XCBuildConfiguration section */

/* Begin XCConfigurationList section */
		95AC55041ED4028600ADA67E /* Build configuration list for PBXProject "CollectionViewText" */ = {
			isa = XCConfigurationList;
			buildConfigurations = (
				95AC55341ED4028600ADA67E /* Debug */,
				95AC55351ED4028600ADA67E /* Release */,
			);
			defaultConfigurationIsVisible = 0;
			defaultConfigurationName = Release;
		};
		95AC55361ED4028600ADA67E /* Build configuration list for PBXNativeTarget "CollectionViewText" */ = {
			isa = XCConfigurationList;
			buildConfigurations = (
				95AC55371ED4028600ADA67E /* Debug */,
				95AC55381ED4028600ADA67E /* Release */,
			);
			defaultConfigurationIsVisible = 0;
		};
		95AC55391ED4028600ADA67E /* Build configuration list for PBXNativeTarget "CollectionViewTextTests" */ = {
			isa = XCConfigurationList;
			buildConfigurations = (
				95AC553A1ED4028600ADA67E /* Debug */,
				95AC553B1ED4028600ADA67E /* Release */,
			);
			defaultConfigurationIsVisible = 0;
		};
		95AC553C1ED4028600ADA67E /* Build configuration list for PBXNativeTarget "CollectionViewTextUITests" */ = {
			isa = XCConfigurationList;
			buildConfigurations = (
				95AC553D1ED4028600ADA67E /* Debug */,
				95AC553E1ED4028600ADA67E /* Release */,
			);
			defaultConfigurationIsVisible = 0;
		};
/* End XCConfigurationList section */
	};
	rootObject = 95AC55011ED4028600ADA67E /* Project object */;
}
